# This file is generated by running "yarn install" inside your project.
# Manual changes might be lost - proceed with caution!

__metadata:
  version: 8
  cacheKey: 10c0

"@swc-node/core@npm:^1.13.1":
  version: 1.13.1
  resolution: "@swc-node/core@npm:1.13.1"
  peerDependencies:
    "@swc/core": ">= 1.4.13"
    "@swc/types": ">= 0.1"
  checksum: 10c0/03223813c1b736ded4e3a6fe73e87d19e9578215e7f7b0c96308ac0e06c7de355334f210074256cfc8b52446461716df695aaf0f863ec621679cf4c48010a695
  languageName: node
  linkType: hard

"@swc-node/register@npm:^1.9.1":
  version: 1.9.1
  resolution: "@swc-node/register@npm:1.9.1"
  dependencies:
    "@swc-node/core": "npm:^1.13.1"
    "@swc-node/sourcemap-support": "npm:^0.5.0"
    colorette: "npm:^2.0.20"
    debug: "npm:^4.3.4"
    pirates: "npm:^4.0.6"
    tslib: "npm:^2.6.2"
  peerDependencies:
    "@swc/core": ">= 1.4.13"
    typescript: ">= 4.3"
  checksum: 10c0/f3bdec7830ff9e092f1a57d075c30ae630ce1a9eb59d72fb56f7f5295ce118a7c9983d4797de2817948e55f25763829de39b70844a4461719c132bdc3b8559c1
  languageName: node
  linkType: hard

"@swc-node/sourcemap-support@npm:^0.5.0":
  version: 0.5.0
  resolution: "@swc-node/sourcemap-support@npm:0.5.0"
  dependencies:
    source-map-support: "npm:^0.5.21"
    tslib: "npm:^2.6.2"
  checksum: 10c0/ce079d56d23aca8110fe5aa4826b394aa613b44fc442198a5403bf146d8963f38ed7cb4fa9594095c4c78fe06e5a0781dc51b5343d687658c4426e7fbfce749b
  languageName: node
  linkType: hard

"@swc/core-darwin-arm64@npm:1.5.6":
  version: 1.5.6
  resolution: "@swc/core-darwin-arm64@npm:1.5.6"
  conditions: os=darwin & cpu=arm64
  languageName: node
  linkType: hard

"@swc/core-darwin-x64@npm:1.5.6":
  version: 1.5.6
  resolution: "@swc/core-darwin-x64@npm:1.5.6"
  conditions: os=darwin & cpu=x64
  languageName: node
  linkType: hard

"@swc/core-linux-arm-gnueabihf@npm:1.5.6":
  version: 1.5.6
  resolution: "@swc/core-linux-arm-gnueabihf@npm:1.5.6"
  conditions: os=linux & cpu=arm
  languageName: node
  linkType: hard

"@swc/core-linux-arm64-gnu@npm:1.5.6":
  version: 1.5.6
  resolution: "@swc/core-linux-arm64-gnu@npm:1.5.6"
  conditions: os=linux & cpu=arm64 & libc=glibc
  languageName: node
  linkType: hard

"@swc/core-linux-arm64-musl@npm:1.5.6":
  version: 1.5.6
  resolution: "@swc/core-linux-arm64-musl@npm:1.5.6"
  conditions: os=linux & cpu=arm64 & libc=musl
  languageName: node
  linkType: hard

"@swc/core-linux-x64-gnu@npm:1.5.6":
  version: 1.5.6
  resolution: "@swc/core-linux-x64-gnu@npm:1.5.6"
  conditions: os=linux & cpu=x64 & libc=glibc
  languageName: node
  linkType: hard

"@swc/core-linux-x64-musl@npm:1.5.6":
  version: 1.5.6
  resolution: "@swc/core-linux-x64-musl@npm:1.5.6"
  conditions: os=linux & cpu=x64 & libc=musl
  languageName: node
  linkType: hard

"@swc/core-win32-arm64-msvc@npm:1.5.6":
  version: 1.5.6
  resolution: "@swc/core-win32-arm64-msvc@npm:1.5.6"
  conditions: os=win32 & cpu=arm64
  languageName: node
  linkType: hard

"@swc/core-win32-ia32-msvc@npm:1.5.6":
  version: 1.5.6
  resolution: "@swc/core-win32-ia32-msvc@npm:1.5.6"
  conditions: os=win32 & cpu=ia32
  languageName: node
  linkType: hard

"@swc/core-win32-x64-msvc@npm:1.5.6":
  version: 1.5.6
  resolution: "@swc/core-win32-x64-msvc@npm:1.5.6"
  conditions: os=win32 & cpu=x64
  languageName: node
  linkType: hard

"@swc/core@npm:^1.5.6":
  version: 1.5.6
  resolution: "@swc/core@npm:1.5.6"
  dependencies:
    "@swc/core-darwin-arm64": "npm:1.5.6"
    "@swc/core-darwin-x64": "npm:1.5.6"
    "@swc/core-linux-arm-gnueabihf": "npm:1.5.6"
    "@swc/core-linux-arm64-gnu": "npm:1.5.6"
    "@swc/core-linux-arm64-musl": "npm:1.5.6"
    "@swc/core-linux-x64-gnu": "npm:1.5.6"
    "@swc/core-linux-x64-musl": "npm:1.5.6"
    "@swc/core-win32-arm64-msvc": "npm:1.5.6"
    "@swc/core-win32-ia32-msvc": "npm:1.5.6"
    "@swc/core-win32-x64-msvc": "npm:1.5.6"
    "@swc/counter": "npm:^0.1.2"
    "@swc/types": "npm:^0.1.5"
  peerDependencies:
    "@swc/helpers": ^0.5.0
  dependenciesMeta:
    "@swc/core-darwin-arm64":
      optional: true
    "@swc/core-darwin-x64":
      optional: true
    "@swc/core-linux-arm-gnueabihf":
      optional: true
    "@swc/core-linux-arm64-gnu":
      optional: true
    "@swc/core-linux-arm64-musl":
      optional: true
    "@swc/core-linux-x64-gnu":
      optional: true
    "@swc/core-linux-x64-musl":
      optional: true
    "@swc/core-win32-arm64-msvc":
      optional: true
    "@swc/core-win32-ia32-msvc":
      optional: true
    "@swc/core-win32-x64-msvc":
      optional: true
  peerDependenciesMeta:
    "@swc/helpers":
      optional: true
  checksum: 10c0/bc00161b7802964c87dff138abb98ede426cf390848525050aa4ade4f0cbc190eb34a6a5a8b1b8f29e3c025e412386ddbf7870cf3f0f916e7a5739cf6fa0ffae
  languageName: node
  linkType: hard

"@swc/counter@npm:^0.1.2, @swc/counter@npm:^0.1.3":
  version: 0.1.3
  resolution: "@swc/counter@npm:0.1.3"
  checksum: 10c0/8424f60f6bf8694cfd2a9bca45845bce29f26105cda8cf19cdb9fd3e78dc6338699e4db77a89ae449260bafa1cc6bec307e81e7fb96dbf7dcfce0eea55151356
  languageName: node
  linkType: hard

"@swc/types@npm:^0.1.5":
  version: 0.1.6
  resolution: "@swc/types@npm:0.1.6"
  dependencies:
    "@swc/counter": "npm:^0.1.3"
  checksum: 10c0/043a0e56d69db8733827ad69db55d0ffbd6976fd24ef629a488e57040067ac84d057a57e08bc5a3db545d44b01d6aa43c22df1152c637af450d366e57cde6e22
  languageName: node
  linkType: hard

"@tsconfig/node20@npm:^20.1.4":
  version: 20.1.4
  resolution: "@tsconfig/node20@npm:20.1.4"
  checksum: 10c0/239cd6abaceaaffc758e7a9dd3748ec1acfdabd6de28a9a16a3824c21f17ad69a16184870298460345d2fb6f3663d092c21d5b764bef669a179658b4a7eac739
  languageName: node
  linkType: hard

"buffer-from@npm:^1.0.0":
  version: 1.1.2
  resolution: "buffer-from@npm:1.1.2"
  checksum: 10c0/124fff9d66d691a86d3b062eff4663fe437a9d9ee4b47b1b9e97f5a5d14f6d5399345db80f796827be7c95e70a8e765dd404b7c3ff3b3324f98e9b0c8826cc34
  languageName: node
  linkType: hard

"colorette@npm:^2.0.20":
  version: 2.0.20
  resolution: "colorette@npm:2.0.20"
  checksum: 10c0/e94116ff33b0ff56f3b83b9ace895e5bf87c2a7a47b3401b8c3f3226e050d5ef76cf4072fb3325f9dc24d1698f9b730baf4e05eeaf861d74a1883073f4c98a40
  languageName: node
  linkType: hard

"debug@npm:^4.3.4":
  version: 4.3.4
  resolution: "debug@npm:4.3.4"
  dependencies:
    ms: "npm:2.1.2"
  peerDependenciesMeta:
    supports-color:
      optional: true
  checksum: 10c0/cedbec45298dd5c501d01b92b119cd3faebe5438c3917ff11ae1bff86a6c722930ac9c8659792824013168ba6db7c4668225d845c633fbdafbbf902a6389f736
  languageName: node
  linkType: hard

"ms@npm:2.1.2":
  version: 2.1.2
  resolution: "ms@npm:2.1.2"
  checksum: 10c0/a437714e2f90dbf881b5191d35a6db792efbca5badf112f87b9e1c712aace4b4b9b742dd6537f3edf90fd6f684de897cec230abde57e87883766712ddda297cc
  languageName: node
  linkType: hard

"pirates@npm:^4.0.6":
  version: 4.0.6
  resolution: "pirates@npm:4.0.6"
  checksum: 10c0/00d5fa51f8dded94d7429700fb91a0c1ead00ae2c7fd27089f0c5b63e6eca36197fe46384631872690a66f390c5e27198e99006ab77ae472692ab9c2ca903f36
  languageName: node
  linkType: hard

"source-map-support@npm:^0.5.21":
  version: 0.5.21
  resolution: "source-map-support@npm:0.5.21"
  dependencies:
    buffer-from: "npm:^1.0.0"
    source-map: "npm:^0.6.0"
  checksum: 10c0/9ee09942f415e0f721d6daad3917ec1516af746a8120bba7bb56278707a37f1eb8642bde456e98454b8a885023af81a16e646869975f06afc1a711fb90484e7d
  languageName: node
  linkType: hard

"source-map@npm:^0.6.0":
  version: 0.6.1
  resolution: "source-map@npm:0.6.1"
  checksum: 10c0/ab55398007c5e5532957cb0beee2368529618ac0ab372d789806f5718123cc4367d57de3904b4e6a4170eb5a0b0f41373066d02ca0735a0c4d75c7d328d3e011
  languageName: node
  linkType: hard

"swc-node@workspace:.":
  version: 0.0.0-use.local
  resolution: "swc-node@workspace:."
  dependencies:
    "@swc-node/register": "npm:^1.9.1"
    "@swc/core": "npm:^1.5.6"
    "@tsconfig/node20": "npm:^20.1.4"
    typescript: "npm:^5.4.5"
  languageName: unknown
  linkType: soft

"tslib@npm:^2.6.2":
  version: 2.6.2
  resolution: "tslib@npm:2.6.2"
  checksum: 10c0/e03a8a4271152c8b26604ed45535954c0a45296e32445b4b87f8a5abdb2421f40b59b4ca437c4346af0f28179780d604094eb64546bee2019d903d01c6c19bdb
  languageName: node
  linkType: hard

"typescript@npm:^5.4.5":
  version: 5.4.5
  resolution: "typescript@npm:5.4.5"
  bin:
    tsc: bin/tsc
    tsserver: bin/tsserver
  checksum: 10c0/2954022ada340fd3d6a9e2b8e534f65d57c92d5f3989a263754a78aba549f7e6529acc1921913560a4b816c46dce7df4a4d29f9f11a3dc0d4213bb76d043251e
  languageName: node
  linkType: hard

"typescript@patch:typescript@npm%3A^5.4.5#optional!builtin<compat/typescript>":
  version: 5.4.5
  resolution: "typescript@patch:typescript@npm%3A5.4.5#optional!builtin<compat/typescript>::version=5.4.5&hash=5adc0c"
  bin:
    tsc: bin/tsc
    tsserver: bin/tsserver
  checksum: 10c0/db2ad2a16ca829f50427eeb1da155e7a45e598eec7b086d8b4e8ba44e5a235f758e606d681c66992230d3fc3b8995865e5fd0b22a2c95486d0b3200f83072ec9
  languageName: node
  linkType: hard
